<Solution>
  <Folder Name="/Solution Items/">
    <File Path="compose.Prod.yaml" />
    <File Path="compose.yaml" />
    <File Path="Directory.Build.props" />
    <File Path="Directory.Packages.props" />
  </Folder>
  <Folder Name="/Source/">
    <Project Path="Source/GitHubWidgetBot/GitHubWidgetBot.csproj" />
  </Folder>
  <Folder Name="/Tests/">
    <Project Path="Tests/GitHubWidgetBot.Tests/GitHubWidgetBot.Tests.csproj" />
  </Folder>
</Solution>
